
Microsoft Visual Studio Solution File, Format Version 12.00
# Visual Studio 15
VisualStudioVersion = 15.0.27004.2009
MinimumVisualStudioVersion = 10.0.40219.1
Project("{FAE04EC0-301F-11D3-BF4B-00C04F79EFBC}") = "DelegateDemo", "DelegateDemo\DelegateDemo.csproj", "{C3570B8B-6821-4248-A5C9-255375B65262}"
EndProject
Global
	GlobalSection(SolutionConfigurationPlatforms) = preSolution
		Debug|Any CPU = Debug|Any CPU
		Release|Any CPU = Release|Any CPU
	EndGlobalSection
	GlobalSection(ProjectConfigurationPlatforms) = postSolution
		{C3570B8B-6821-4248-A5C9-255375B65262}.Debug|Any CPU.ActiveCfg = Debug|Any CPU
		{C3570B8B-6821-4248-A5C9-255375B65262}.Debug|Any CPU.Build.0 = Debug|Any CPU
		{C3570B8B-6821-4248-A5C9-255375B65262}.Release|Any CPU.ActiveCfg = Release|Any CPU
		{C3570B8B-6821-4248-A5C9-255375B65262}.Release|Any CPU.Build.0 = Release|Any CPU
	EndGlobalSection
	GlobalSection(SolutionProperties) = preSolution
		HideSolutionNode = FALSE
	EndGlobalSection
	GlobalSection(ExtensibilityGlobals) = postSolution
		SolutionGuid = {D5A677E2-3228-4064-91EC-F81655047F0A}
	EndGlobalSection
EndGlobal
